
Microsoft Visual Studio Solution File, Format Version 12.00
# Visual Studio Version 16
VisualStudioVersion = 16.0.29424.173
MinimumVisualStudioVersion = 10.0.40219.1
Project("{FAE04EC0-301F-11D3-BF4B-00C04F79EFBC}") = "Quan_Ly_HS_GV_THPT", "Quan_Ly_HS_GV_THPT\Quan_Ly_HS_GV_THPT.csproj", "{CA91E2A3-62A4-457C-871A-8F17E2398EDD}"
EndProject
Global
	GlobalSection(SolutionConfigurationPlatforms) = preSolution
		Debug|Any CPU = Debug|Any CPU
		Release|Any CPU = Release|Any CPU
	EndGlobalSection
	GlobalSection(ProjectConfigurationPlatforms) = postSolution
		{CA91E2A3-62A4-457C-871A-8F17E2398EDD}.Debug|Any CPU.ActiveCfg = Debug|Any CPU
		{CA91E2A3-62A4-457C-871A-8F17E2398EDD}.Debug|Any CPU.Build.0 = Debug|Any CPU
		{CA91E2A3-62A4-457C-871A-8F17E2398EDD}.Release|Any CPU.ActiveCfg = Release|Any CPU
		{CA91E2A3-62A4-457C-871A-8F17E2398EDD}.Release|Any CPU.Build.0 = Release|Any CPU
	EndGlobalSection
	GlobalSection(SolutionProperties) = preSolution
		HideSolutionNode = FALSE
	EndGlobalSection
	GlobalSection(ExtensibilityGlobals) = postSolution
		SolutionGuid = {94633D64-97C2-4735-B3AB-E045B8135329}
	EndGlobalSection
EndGlobal
